<?xml version="1.0" encoding="UTF-8"?>
<CONFIG>
  <ProjectOptions>
    <Version Value="12"/>
    <PathDelim Value="\"/>
    <General>
      <Flags>
        <LRSInOutputDirectory Value="False"/>
        <CompatibilityMode Value="True"/>
      </Flags>
      <Title Value="demo_lib"/>
      <Scaled Value="True"/>
      <UseXPManifest Value="True"/>
      <XPManifest>
        <DpiAware Value="True"/>
      </XPManifest>
    </General>
    <BuildModes Count="1">
      <Item1 Name="default" Default="True"/>
    </BuildModes>
    <PublishOptions>
      <Version Value="2"/>
    </PublishOptions>
    <RunParams>
      <local>
        <LaunchingApplication PathPlusParams="/usr/X11R6/bin/xterm -T &apos;Lazarus Run Output&apos; -e $(LazarusDir)/tools/runwait.sh $(TargetCmdLine)"/>
      </local>
      <FormatVersion Value="2"/>
      <Modes Count="1">
        <Mode0 Name="default">
          <local>
            <LaunchingApplication PathPlusParams="/usr/X11R6/bin/xterm -T &apos;Lazarus Run Output&apos; -e $(LazarusDir)/tools/runwait.sh $(TargetCmdLine)"/>
          </local>
        </Mode0>
      </Modes>
    </RunParams>
    <RequiredPackages Count="1">
      <Item1>
        <PackageName Value="LCL"/>
      </Item1>
    </RequiredPackages>
    <Units Count="7">
      <Unit0>
        <Filename Value="project_demo_lib.lpr"/>
        <IsPartOfProject Value="True"/>
        <EditorIndex Value="3"/>
        <CursorPos X="8" Y="10"/>
        <UsageCount Value="33"/>
        <Loaded Value="True"/>
        <LoadedDesigner Value="True"/>
      </Unit0>
      <Unit1>
        <Filename Value="unit_demo_lib.pas"/>
        <IsPartOfProject Value="True"/>
        <ComponentName Value="Form_demo_lib"/>
        <HasResources Value="True"/>
        <ResourceBaseClass Value="Form"/>
        <UnitName Value="Unit_demo_lib"/>
        <IsVisibleTab Value="True"/>
        <CursorPos X="24" Y="9"/>
        <UsageCount Value="33"/>
        <Loaded Value="True"/>
        <LoadedDesigner Value="True"/>
      </Unit1>
      <Unit2>
        <Filename Value="unit_pea.pas"/>
        <IsPartOfProject Value="True"/>
        <ComponentName Value="Form_pea"/>
        <HasResources Value="True"/>
        <ResourceBaseClass Value="Form"/>
        <UnitName Value="Unit_pea"/>
        <EditorIndex Value="-1"/>
        <UsageCount Value="31"/>
      </Unit2>
      <Unit3>
        <Filename Value="list_utils.pas"/>
        <IsPartOfProject Value="True"/>
        <EditorIndex Value="2"/>
        <UsageCount Value="32"/>
        <Loaded Value="True"/>
      </Unit3>
      <Unit4>
        <Filename Value="unit_report.pas"/>
        <IsPartOfProject Value="True"/>
        <HasResources Value="True"/>
        <SyntaxHighlighter Value="Text"/>
        <UsageCount Value="31"/>
      </Unit4>
      <Unit5>
        <Filename Value="C:\lazarus\lcl\forms.pp"/>
        <UnitName Value="Forms"/>
        <TopLine Value="769"/>
        <CursorPos X="19" Y="449"/>
        <UsageCount Value="11"/>
      </Unit5>
      <Unit6>
        <Filename Value="unit_demo_lib.lfm"/>
        <EditorIndex Value="1"/>
        <UsageCount Value="10"/>
        <Loaded Value="True"/>
        <DefaultSyntaxHighlighter Value="LFM"/>
      </Unit6>
    </Units>
    <JumpHistory Count="8" HistoryIndex="7">
      <Position1>
        <Filename Value="unit_demo_lib.pas"/>
        <Caret Line="23" Column="73"/>
      </Position1>
      <Position2>
        <Filename Value="unit_demo_lib.pas"/>
        <Caret Line="57" Column="8" TopLine="47"/>
      </Position2>
      <Position3>
        <Filename Value="unit_demo_lib.pas"/>
        <Caret Line="53" Column="81" TopLine="47"/>
      </Position3>
      <Position4>
        <Filename Value="project_demo_lib.lpr"/>
        <Caret Line="12" Column="18"/>
      </Position4>
      <Position5>
        <Filename Value="unit_demo_lib.pas"/>
        <Caret Line="53" Column="81" TopLine="47"/>
      </Position5>
      <Position6>
        <Filename Value="unit_demo_lib.pas"/>
        <Caret Line="96" Column="5" TopLine="70"/>
      </Position6>
      <Position7>
        <Filename Value="unit_demo_lib.pas"/>
        <Caret Line="95" Column="5" TopLine="69"/>
      </Position7>
      <Position8>
        <Filename Value="unit_demo_lib.pas"/>
        <Caret Line="94" Column="5" TopLine="68"/>
      </Position8>
    </JumpHistory>
  </ProjectOptions>
  <CompilerOptions>
    <Version Value="11"/>
    <PathDelim Value="\"/>
    <Target>
      <Filename Value="demo_lib"/>
    </Target>
    <SearchPaths>
      <SrcPath Value="$(LazarusDir)\lcl;$(LazarusDir)\lcl\interfaces\$(LCLWidgetType)"/>
    </SearchPaths>
    <Parsing>
      <SyntaxOptions>
        <UseAnsiStrings Value="False"/>
      </SyntaxOptions>
    </Parsing>
    <Linking>
      <Debugging>
        <GenerateDebugInfo Value="False"/>
        <RunWithoutDebug Value="True"/>
      </Debugging>
      <Options>
        <Win32>
          <GraphicApplication Value="True"/>
        </Win32>
      </Options>
    </Linking>
  </CompilerOptions>
  <Debugging>
    <BreakPoints Count="5">
      <Item1>
        <Kind Value="bpkSource"/>
        <WatchScope Value="wpsGlobal"/>
        <WatchKind Value="wpkWrite"/>
        <Source Value="..\..\PEACH\unit1.pas"/>
        <Line Value="1300"/>
      </Item1>
      <Item2>
        <Kind Value="bpkSource"/>
        <WatchScope Value="wpsGlobal"/>
        <WatchKind Value="wpkWrite"/>
        <Source Value="..\..\PEACH\unit1.pas"/>
        <Line Value="841"/>
      </Item2>
      <Item3>
        <Kind Value="bpkSource"/>
        <WatchScope Value="wpsGlobal"/>
        <WatchKind Value="wpkWrite"/>
        <Source Value="..\..\PEACH\unit1.pas"/>
        <Line Value="1553"/>
      </Item3>
      <Item4>
        <Kind Value="bpkSource"/>
        <WatchScope Value="wpsGlobal"/>
        <WatchKind Value="wpkWrite"/>
        <Source Value="..\..\PEACH\unit1.pas"/>
        <Line Value="1579"/>
      </Item4>
      <Item5>
        <Kind Value="bpkSource"/>
        <WatchScope Value="wpsGlobal"/>
        <WatchKind Value="wpkWrite"/>
        <Source Value="..\..\PEACH\unitpea.pas"/>
        <Line Value="663"/>
      </Item5>
    </BreakPoints>
  </Debugging>
</CONFIG>
